
Microsoft Visual Studio Solution File, Format Version 12.00
# Visual Studio 15
VisualStudioVersion = 15.0.26430.14
MinimumVisualStudioVersion = 10.0.40219.1
Project("{FAE04EC0-301F-11D3-BF4B-00C04F79EFBC}") = "LINQInvoiceArray", "LINQInvoiceArray\LINQInvoiceArray.csproj", "{FB2B48A8-D7A6-41A3-8CBD-E2300D7446F4}"
EndProject
Global
	GlobalSection(SolutionConfigurationPlatforms) = preSolution
		Debug|Any CPU = Debug|Any CPU
		Release|Any CPU = Release|Any CPU
	EndGlobalSection
	GlobalSection(ProjectConfigurationPlatforms) = postSolution
		{FB2B48A8-D7A6-41A3-8CBD-E2300D7446F4}.Debug|Any CPU.ActiveCfg = Debug|Any CPU
		{FB2B48A8-D7A6-41A3-8CBD-E2300D7446F4}.Debug|Any CPU.Build.0 = Debug|Any CPU
		{FB2B48A8-D7A6-41A3-8CBD-E2300D7446F4}.Release|Any CPU.ActiveCfg = Release|Any CPU
		{FB2B48A8-D7A6-41A3-8CBD-E2300D7446F4}.Release|Any CPU.Build.0 = Release|Any CPU
	EndGlobalSection
	GlobalSection(SolutionProperties) = preSolution
		HideSolutionNode = FALSE
	EndGlobalSection
EndGlobal
